
Microsoft Visual Studio Solution File, Format Version 12.00
# Visual Studio Version 17
VisualStudioVersion = 17.13.35825.156
MinimumVisualStudioVersion = 10.0.40219.1
Project("{FAE04EC0-301F-11D3-BF4B-00C04F79EFBC}") = "EventDrivenArchDemo.Api", "EventDrivenArchDemo.Api\EventDrivenArchDemo.Api.csproj", "{C368F172-28A7-442C-BB70-A0619E0E17D8}"
EndProject
Project("{E53339B2-1760-4266-BCC7-CA923CBCF16C}") = "docker-compose", "docker-compose.dcproj", "{81DDED9D-158B-E303-5F62-77A2896D2A5A}"
EndProject
Project("{FAE04EC0-301F-11D3-BF4B-00C04F79EFBC}") = "EventDrivenArchDemo.Functions", "EventDrivenArchDemo.Functions\EventDrivenArchDemo.Functions.csproj", "{B7B779C9-142C-4456-8EE9-F20DDB858956}"
EndProject
Project("{FAE04EC0-301F-11D3-BF4B-00C04F79EFBC}") = "EventDrivenArchDemo.Authentication", "EventDrivenArchDemo.Authentication\EventDrivenArchDemo.Authentication.csproj", "{0C298357-9BDA-4047-A7A8-3CECFE1E1C5D}"
EndProject
Global
	GlobalSection(SolutionConfigurationPlatforms) = preSolution
		Debug|Any CPU = Debug|Any CPU
		Release|Any CPU = Release|Any CPU
	EndGlobalSection
	GlobalSection(ProjectConfigurationPlatforms) = postSolution
		{C368F172-28A7-442C-BB70-A0619E0E17D8}.Debug|Any CPU.ActiveCfg = Debug|Any CPU
		{C368F172-28A7-442C-BB70-A0619E0E17D8}.Debug|Any CPU.Build.0 = Debug|Any CPU
		{C368F172-28A7-442C-BB70-A0619E0E17D8}.Release|Any CPU.ActiveCfg = Release|Any CPU
		{C368F172-28A7-442C-BB70-A0619E0E17D8}.Release|Any CPU.Build.0 = Release|Any CPU
		{81DDED9D-158B-E303-5F62-77A2896D2A5A}.Debug|Any CPU.ActiveCfg = Debug|Any CPU
		{81DDED9D-158B-E303-5F62-77A2896D2A5A}.Debug|Any CPU.Build.0 = Debug|Any CPU
		{81DDED9D-158B-E303-5F62-77A2896D2A5A}.Release|Any CPU.ActiveCfg = Release|Any CPU
		{81DDED9D-158B-E303-5F62-77A2896D2A5A}.Release|Any CPU.Build.0 = Release|Any CPU
		{B7B779C9-142C-4456-8EE9-F20DDB858956}.Debug|Any CPU.ActiveCfg = Debug|Any CPU
		{B7B779C9-142C-4456-8EE9-F20DDB858956}.Debug|Any CPU.Build.0 = Debug|Any CPU
		{B7B779C9-142C-4456-8EE9-F20DDB858956}.Release|Any CPU.ActiveCfg = Release|Any CPU
		{B7B779C9-142C-4456-8EE9-F20DDB858956}.Release|Any CPU.Build.0 = Release|Any CPU
		{0C298357-9BDA-4047-A7A8-3CECFE1E1C5D}.Debug|Any CPU.ActiveCfg = Debug|Any CPU
		{0C298357-9BDA-4047-A7A8-3CECFE1E1C5D}.Debug|Any CPU.Build.0 = Debug|Any CPU
		{0C298357-9BDA-4047-A7A8-3CECFE1E1C5D}.Release|Any CPU.ActiveCfg = Release|Any CPU
		{0C298357-9BDA-4047-A7A8-3CECFE1E1C5D}.Release|Any CPU.Build.0 = Release|Any CPU
	EndGlobalSection
	GlobalSection(SolutionProperties) = preSolution
		HideSolutionNode = FALSE
	EndGlobalSection
	GlobalSection(ExtensibilityGlobals) = postSolution
		SolutionGuid = {448459BE-7466-42D8-A0C2-04DB2E43D4C4}
	EndGlobalSection
EndGlobal
